// !$*UTF8*$!
{
	archiveVersion = 1;
	classes = {
	};
	objectVersion = 48;
	objects = {

/* Begin PBXBuildFile section */
		223E02E81FDA800600B28417 /* IOProtocols.swift in Sources */ = {isa = PBXBuildFile; fileRef = 223E02E71FDA800600B28417 /* IOProtocols.swift */; };
		223E02EB1FDA805B00B28417 /* InputStream.swift in Sources */ = {isa = PBXBuildFile; fileRef = 223E02EA1FDA805B00B28417 /* InputStream.swift */; };
		223E02ED1FDA807400B28417 /* OutputStream.swift in Sources */ = {isa = PBXBuildFile; fileRef = 223E02EC1FDA807400B28417 /* OutputStream.swift */; };
		224BB51F1FDD0C1F00498433 /* SwiftAlgorithmsTest.swift in Sources */ = {isa = PBXBuildFile; fileRef = 224BB51E1FDD0C1F00498433 /* SwiftAlgorithmsTest.swift */; };
		224BB5241FDD0C3800498433 /* FSM_Test.swift in Sources */ = {isa = PBXBuildFile; fileRef = 224BB5151FDD0A1A00498433 /* FSM_Test.swift */; };
		227497081F80FC9A005F2DC9 /* main.swift in Sources */ = {isa = PBXBuildFile; fileRef = 227497071F80FC9A005F2DC9 /* main.swift */; };
		2274970F1F81011E005F2DC9 /* Rational.swift in Sources */ = {isa = PBXBuildFile; fileRef = 2274970E1F81011E005F2DC9 /* Rational.swift */; };
		22E595501FD80279007E1783 /* FSM_Model.swift in Sources */ = {isa = PBXBuildFile; fileRef = 22E5954F1FD80279007E1783 /* FSM_Model.swift */; };
		22E595531FD80529007E1783 /* litera.swift in Sources */ = {isa = PBXBuildFile; fileRef = 22E595521FD80529007E1783 /* litera.swift */; };
		22E595551FD8069E007E1783 /* lexema.swift in Sources */ = {isa = PBXBuildFile; fileRef = 22E595541FD8069E007E1783 /* lexema.swift */; };
/* End PBXBuildFile section */

/* Begin PBXCopyFilesBuildPhase section */
		227497021F80FC9A005F2DC9 /* CopyFiles */ = {
			isa = PBXCopyFilesBuildPhase;
			buildActionMask = 2147483647;
			dstPath = /usr/share/man/man1/;
			dstSubfolderSpec = 0;
			files = (
			);
			runOnlyForDeploymentPostprocessing = 1;
		};
/* End PBXCopyFilesBuildPhase section */

/* Begin PBXFileReference section */
		223E02E71FDA800600B28417 /* IOProtocols.swift */ = {isa = PBXFileReference; lastKnownFileType = sourcecode.swift; path = IOProtocols.swift; sourceTree = "<group>"; };
		223E02EA1FDA805B00B28417 /* InputStream.swift */ = {isa = PBXFileReference; lastKnownFileType = sourcecode.swift; path = InputStream.swift; sourceTree = "<group>"; };
		223E02EC1FDA807400B28417 /* OutputStream.swift */ = {isa = PBXFileReference; lastKnownFileType = sourcecode.swift; path = OutputStream.swift; sourceTree = "<group>"; };
		224BB5151FDD0A1A00498433 /* FSM_Test.swift */ = {isa = PBXFileReference; lastKnownFileType = sourcecode.swift; path = FSM_Test.swift; sourceTree = "<group>"; };
		224BB51C1FDD0C1F00498433 /* SwiftAlgorithmsTest.xctest */ = {isa = PBXFileReference; explicitFileType = wrapper.cfbundle; includeInIndex = 0; path = SwiftAlgorithmsTest.xctest; sourceTree = BUILT_PRODUCTS_DIR; };
		224BB51E1FDD0C1F00498433 /* SwiftAlgorithmsTest.swift */ = {isa = PBXFileReference; lastKnownFileType = sourcecode.swift; path = SwiftAlgorithmsTest.swift; sourceTree = "<group>"; };
		224BB5201FDD0C1F00498433 /* Info.plist */ = {isa = PBXFileReference; lastKnownFileType = text.plist.xml; path = Info.plist; sourceTree = "<group>"; };
		227497041F80FC9A005F2DC9 /* SwiftAlgorithms */ = {isa = PBXFileReference; explicitFileType = "compiled.mach-o.executable"; includeInIndex = 0; path = SwiftAlgorithms; sourceTree = BUILT_PRODUCTS_DIR; };
		227497071F80FC9A005F2DC9 /* main.swift */ = {isa = PBXFileReference; lastKnownFileType = sourcecode.swift; path = main.swift; sourceTree = "<group>"; };
		2274970E1F81011E005F2DC9 /* Rational.swift */ = {isa = PBXFileReference; lastKnownFileType = sourcecode.swift; path = Rational.swift; sourceTree = "<group>"; };
		22E5954F1FD80279007E1783 /* FSM_Model.swift */ = {isa = PBXFileReference; lastKnownFileType = sourcecode.swift; path = FSM_Model.swift; sourceTree = "<group>"; };
		22E595521FD80529007E1783 /* litera.swift */ = {isa = PBXFileReference; lastKnownFileType = sourcecode.swift; path = litera.swift; sourceTree = "<group>"; };
		22E595541FD8069E007E1783 /* lexema.swift */ = {isa = PBXFileReference; lastKnownFileType = sourcecode.swift; path = lexema.swift; sourceTree = "<group>"; };
/* End PBXFileReference section */

/* Begin PBXFrameworksBuildPhase section */
		224BB5191FDD0C1F00498433 /* Frameworks */ = {
			isa = PBXFrameworksBuildPhase;
			buildActionMask = 2147483647;
			files = (
			);
			runOnlyForDeploymentPostprocessing = 0;
		};
		227497011F80FC9A005F2DC9 /* Frameworks */ = {
			isa = PBXFrameworksBuildPhase;
			buildActionMask = 2147483647;
			files = (
			);
			runOnlyForDeploymentPostprocessing = 0;
		};
/* End PBXFrameworksBuildPhase section */

/* Begin PBXGroup section */
		223E02E91FDA801A00B28417 /* IO */ = {
			isa = PBXGroup;
			children = (
				223E02E71FDA800600B28417 /* IOProtocols.swift */,
				223E02EA1FDA805B00B28417 /* InputStream.swift */,
				223E02EC1FDA807400B28417 /* OutputStream.swift */,
			);
			path = IO;
			sourceTree = "<group>";
		};
		224BB51D1FDD0C1F00498433 /* SwiftAlgorithmsTest */ = {
			isa = PBXGroup;
			children = (
				224BB51E1FDD0C1F00498433 /* SwiftAlgorithmsTest.swift */,
				224BB5151FDD0A1A00498433 /* FSM_Test.swift */,
				224BB5201FDD0C1F00498433 /* Info.plist */,
			);
			path = SwiftAlgorithmsTest;
			sourceTree = "<group>";
		};
		227496FB1F80FC9A005F2DC9 = {
			isa = PBXGroup;
			children = (
				227497061F80FC9A005F2DC9 /* SwiftAlgorithms */,
				224BB51D1FDD0C1F00498433 /* SwiftAlgorithmsTest */,
				227497051F80FC9A005F2DC9 /* Products */,
			);
			sourceTree = "<group>";
		};
		227497051F80FC9A005F2DC9 /* Products */ = {
			isa = PBXGroup;
			children = (
				227497041F80FC9A005F2DC9 /* SwiftAlgorithms */,
				224BB51C1FDD0C1F00498433 /* SwiftAlgorithmsTest.xctest */,
			);
			name = Products;
			sourceTree = "<group>";
		};
		227497061F80FC9A005F2DC9 /* SwiftAlgorithms */ = {
			isa = PBXGroup;
			children = (
				227497071F80FC9A005F2DC9 /* main.swift */,
				2274970E1F81011E005F2DC9 /* Rational.swift */,
				22E595511FD80286007E1783 /* Конечный автомат */,
				223E02E91FDA801A00B28417 /* IO */,
			);
			path = SwiftAlgorithms;
			sourceTree = "<group>";
		};
		22E595511FD80286007E1783 /* Конечный автомат */ = {
			isa = PBXGroup;
			children = (
				22E5954F1FD80279007E1783 /* FSM_Model.swift */,
				22E595521FD80529007E1783 /* litera.swift */,
				22E595541FD8069E007E1783 /* lexema.swift */,
			);
			name = "Конечный автомат";
			path = "Конечный автомат";
			sourceTree = "<group>";
		};
/* End PBXGroup section */

/* Begin PBXNativeTarget section */
		224BB51B1FDD0C1F00498433 /* SwiftAlgorithmsTest */ = {
			isa = PBXNativeTarget;
			buildConfigurationList = 224BB5211FDD0C1F00498433 /* Build configuration list for PBXNativeTarget "SwiftAlgorithmsTest" */;
			buildPhases = (
				224BB5181FDD0C1F00498433 /* Sources */,
				224BB5191FDD0C1F00498433 /* Frameworks */,
				224BB51A1FDD0C1F00498433 /* Resources */,
			);
			buildRules = (
			);
			dependencies = (
			);
			name = SwiftAlgorithmsTest;
			productName = SwiftAlgorithmsTest;
			productReference = 224BB51C1FDD0C1F00498433 /* SwiftAlgorithmsTest.xctest */;
			productType = "com.apple.product-type.bundle.unit-test";
		};
		227497031F80FC9A005F2DC9 /* SwiftAlgorithms */ = {
			isa = PBXNativeTarget;
			buildConfigurationList = 2274970B1F80FC9A005F2DC9 /* Build configuration list for PBXNativeTarget "SwiftAlgorithms" */;
			buildPhases = (
				227497001F80FC9A005F2DC9 /* Sources */,
				227497011F80FC9A005F2DC9 /* Frameworks */,
				227497021F80FC9A005F2DC9 /* CopyFiles */,
			);
			buildRules = (
			);
			dependencies = (
			);
			name = SwiftAlgorithms;
			productName = SwiftAlgorithms;
			productReference = 227497041F80FC9A005F2DC9 /* SwiftAlgorithms */;
			productType = "com.apple.product-type.tool";
		};
/* End PBXNativeTarget section */

/* Begin PBXProject section */
		227496FC1F80FC9A005F2DC9 /* Project object */ = {
			isa = PBXProject;
			attributes = {
				LastSwiftUpdateCheck = 0920;
				LastUpgradeCheck = 0900;
				ORGANIZATIONNAME = "Павел Тимош";
				TargetAttributes = {
					224BB51B1FDD0C1F00498433 = {
						CreatedOnToolsVersion = 9.2;
						ProvisioningStyle = Automatic;
					};
					227497031F80FC9A005F2DC9 = {
						CreatedOnToolsVersion = 9.0;
						ProvisioningStyle = Automatic;
					};
				};
			};
			buildConfigurationList = 227496FF1F80FC9A005F2DC9 /* Build configuration list for PBXProject "SwiftAlgorithms" */;
			compatibilityVersion = "Xcode 8.0";
			developmentRegion = en;
			hasScannedForEncodings = 0;
			knownRegions = (
				en,
			);
			mainGroup = 227496FB1F80FC9A005F2DC9;
			productRefGroup = 227497051F80FC9A005F2DC9 /* Products */;
			projectDirPath = "";
			projectRoot = "";
			targets = (
				227497031F80FC9A005F2DC9 /* SwiftAlgorithms */,
				224BB51B1FDD0C1F00498433 /* SwiftAlgorithmsTest */,
			);
		};
/* End PBXProject section */

/* Begin PBXResourcesBuildPhase section */
		224BB51A1FDD0C1F00498433 /* Resources */ = {
			isa = PBXResourcesBuildPhase;
			buildActionMask = 2147483647;
			files = (
			);
			runOnlyForDeploymentPostprocessing = 0;
		};
/* End PBXResourcesBuildPhase section */

/* Begin PBXSourcesBuildPhase section */
		224BB5181FDD0C1F00498433 /* Sources */ = {
			isa = PBXSourcesBuildPhase;
			buildActionMask = 2147483647;
			files = (
				224BB5241FDD0C3800498433 /* FSM_Test.swift in Sources */,
				224BB51F1FDD0C1F00498433 /* SwiftAlgorithmsTest.swift in Sources */,
			);
			runOnlyForDeploymentPostprocessing = 0;
		};
		227497001F80FC9A005F2DC9 /* Sources */ = {
			isa = PBXSourcesBuildPhase;
			buildActionMask = 2147483647;
			files = (
				22E595531FD80529007E1783 /* litera.swift in Sources */,
				22E595551FD8069E007E1783 /* lexema.swift in Sources */,
				223E02ED1FDA807400B28417 /* OutputStream.swift in Sources */,
				223E02EB1FDA805B00B28417 /* InputStream.swift in Sources */,
				22E595501FD80279007E1783 /* FSM_Model.swift in Sources */,
				227497081F80FC9A005F2DC9 /* main.swift in Sources */,
				2274970F1F81011E005F2DC9 /* Rational.swift in Sources */,
				223E02E81FDA800600B28417 /* IOProtocols.swift in Sources */,
			);
			runOnlyForDeploymentPostprocessing = 0;
		};
/* End PBXSourcesBuildPhase section */

/* Begin XCBuildConfiguration section */
		224BB5221FDD0C1F00498433 /* Debug */ = {
			isa = XCBuildConfiguration;
			buildSettings = {
				CODE_SIGN_STYLE = Automatic;
				COMBINE_HIDPI_IMAGES = YES;
				DEVELOPMENT_TEAM = U5427UNCN7;
				INFOPLIST_FILE = SwiftAlgorithmsTest/Info.plist;
				LD_RUNPATH_SEARCH_PATHS = "$(inherited) @executable_path/../Frameworks @loader_path/../Frameworks";
				PRODUCT_BUNDLE_IDENTIFIER = "Grass-in-desert.SwiftAlgorithmsTest";
				PRODUCT_NAME = "$(TARGET_NAME)";
				SWIFT_VERSION = 4.0;
			};
			name = Debug;
		};
		224BB5231FDD0C1F00498433 /* Release */ = {
			isa = XCBuildConfiguration;
			buildSettings = {
				CODE_SIGN_STYLE = Automatic;
				COMBINE_HIDPI_IMAGES = YES;
				DEVELOPMENT_TEAM = U5427UNCN7;
				INFOPLIST_FILE = SwiftAlgorithmsTest/Info.plist;
				LD_RUNPATH_SEARCH_PATHS = "$(inherited) @executable_path/../Frameworks @loader_path/../Frameworks";
				PRODUCT_BUNDLE_IDENTIFIER = "Grass-in-desert.SwiftAlgorithmsTest";
				PRODUCT_NAME = "$(TARGET_NAME)";
				SWIFT_VERSION = 4.0;
			};
			name = Release;
		};
		227497091F80FC9A005F2DC9 /* Debug */ = {
			isa = XCBuildConfiguration;
			buildSettings = {
				ALWAYS_SEARCH_USER_PATHS = NO;
				CLANG_ANALYZER_NONNULL = YES;
				CLANG_ANALYZER_NUMBER_OBJECT_CONVERSION = YES_AGGRESSIVE;
				CLANG_CXX_LANGUAGE_STANDARD = "gnu++14";
				CLANG_CXX_LIBRARY = "libc++";
				CLANG_ENABLE_MODULES = YES;
				CLANG_ENABLE_OBJC_ARC = YES;
				CLANG_WARN_BLOCK_CAPTURE_AUTORELEASING = YES;
				CLANG_WARN_BOOL_CONVERSION = YES;
				CLANG_WARN_COMMA = YES;
				CLANG_WARN_CONSTANT_CONVERSION = YES;
				CLANG_WARN_DIRECT_OBJC_ISA_USAGE = YES_ERROR;
				CLANG_WARN_DOCUMENTATION_COMMENTS = YES;
				CLANG_WARN_EMPTY_BODY = YES;
				CLANG_WARN_ENUM_CONVERSION = YES;
				CLANG_WARN_INFINITE_RECURSION = YES;
				CLANG_WARN_INT_CONVERSION = YES;
				CLANG_WARN_NON_LITERAL_NULL_CONVERSION = YES;
				CLANG_WARN_OBJC_LITERAL_CONVERSION = YES;
				CLANG_WARN_OBJC_ROOT_CLASS = YES_ERROR;
				CLANG_WARN_RANGE_LOOP_ANALYSIS = YES;
				CLANG_WARN_STRICT_PROTOTYPES = YES;
				CLANG_WARN_SUSPICIOUS_MOVE = YES;
				CLANG_WARN_UNGUARDED_AVAILABILITY = YES_AGGRESSIVE;
				CLANG_WARN_UNREACHABLE_CODE = YES;
				CLANG_WARN__DUPLICATE_METHOD_MATCH = YES;
				CODE_SIGN_IDENTITY = "Mac Developer";
				COPY_PHASE_STRIP = NO;
				DEBUG_INFORMATION_FORMAT = dwarf;
				ENABLE_STRICT_OBJC_MSGSEND = YES;
				ENABLE_TESTABILITY = YES;
				GCC_C_LANGUAGE_STANDARD = gnu11;
				GCC_DYNAMIC_NO_PIC = NO;
				GCC_NO_COMMON_BLOCKS = YES;
				GCC_OPTIMIZATION_LEVEL = 0;
				GCC_PREPROCESSOR_DEFINITIONS = (
					"DEBUG=1",
					"$(inherited)",
				);
				GCC_WARN_64_TO_32_BIT_CONVERSION = YES;
				GCC_WARN_ABOUT_RETURN_TYPE = YES_ERROR;
				GCC_WARN_UNDECLARED_SELECTOR = YES;
				GCC_WARN_UNINITIALIZED_AUTOS = YES_AGGRESSIVE;
				GCC_WARN_UNUSED_FUNCTION = YES;
				GCC_WARN_UNUSED_VARIABLE = YES;
				MACOSX_DEPLOYMENT_TARGET = 10.13;
				MTL_ENABLE_DEBUG_INFO = YES;
				ONLY_ACTIVE_ARCH = YES;
				SDKROOT = macosx;
				SWIFT_ACTIVE_COMPILATION_CONDITIONS = DEBUG;
				SWIFT_OPTIMIZATION_LEVEL = "-Onone";
			};
			name = Debug;
		};
		2274970A1F80FC9A005F2DC9 /* Release */ = {
			isa = XCBuildConfiguration;
			buildSettings = {
				ALWAYS_SEARCH_USER_PATHS = NO;
				CLANG_ANALYZER_NONNULL = YES;
				CLANG_ANALYZER_NUMBER_OBJECT_CONVERSION = YES_AGGRESSIVE;
				CLANG_CXX_LANGUAGE_STANDARD = "gnu++14";
				CLANG_CXX_LIBRARY = "libc++";
				CLANG_ENABLE_MODULES = YES;
				CLANG_ENABLE_OBJC_ARC = YES;
				CLANG_WARN_BLOCK_CAPTURE_AUTORELEASING = YES;
				CLANG_WARN_BOOL_CONVERSION = YES;
				CLANG_WARN_COMMA = YES;
				CLANG_WARN_CONSTANT_CONVERSION = YES;
				CLANG_WARN_DIRECT_OBJC_ISA_USAGE = YES_ERROR;
				CLANG_WARN_DOCUMENTATION_COMMENTS = YES;
				CLANG_WARN_EMPTY_BODY = YES;
				CLANG_WARN_ENUM_CONVERSION = YES;
				CLANG_WARN_INFINITE_RECURSION = YES;
				CLANG_WARN_INT_CONVERSION = YES;
				CLANG_WARN_NON_LITERAL_NULL_CONVERSION = YES;
				CLANG_WARN_OBJC_LITERAL_CONVERSION = YES;
				CLANG_WARN_OBJC_ROOT_CLASS = YES_ERROR;
				CLANG_WARN_RANGE_LOOP_ANALYSIS = YES;
				CLANG_WARN_STRICT_PROTOTYPES = YES;
				CLANG_WARN_SUSPICIOUS_MOVE = YES;
				CLANG_WARN_UNGUARDED_AVAILABILITY = YES_AGGRESSIVE;
				CLANG_WARN_UNREACHABLE_CODE = YES;
				CLANG_WARN__DUPLICATE_METHOD_MATCH = YES;
				CODE_SIGN_IDENTITY = "Mac Developer";
				COPY_PHASE_STRIP = NO;
				DEBUG_INFORMATION_FORMAT = "dwarf-with-dsym";
				ENABLE_NS_ASSERTIONS = NO;
				ENABLE_STRICT_OBJC_MSGSEND = YES;
				GCC_C_LANGUAGE_STANDARD = gnu11;
				GCC_NO_COMMON_BLOCKS = YES;
				GCC_WARN_64_TO_32_BIT_CONVERSION = YES;
				GCC_WARN_ABOUT_RETURN_TYPE = YES_ERROR;
				GCC_WARN_UNDECLARED_SELECTOR = YES;
				GCC_WARN_UNINITIALIZED_AUTOS = YES_AGGRESSIVE;
				GCC_WARN_UNUSED_FUNCTION = YES;
				GCC_WARN_UNUSED_VARIABLE = YES;
				MACOSX_DEPLOYMENT_TARGET = 10.13;
				MTL_ENABLE_DEBUG_INFO = NO;
				SDKROOT = macosx;
				SWIFT_OPTIMIZATION_LEVEL = "-Owholemodule";
			};
			name = Release;
		};
		2274970C1F80FC9A005F2DC9 /* Debug */ = {
			isa = XCBuildConfiguration;
			buildSettings = {
				CODE_SIGN_STYLE = Automatic;
				DEVELOPMENT_TEAM = U5427UNCN7;
				PRODUCT_NAME = "$(TARGET_NAME)";
				SWIFT_VERSION = 4.0;
			};
			name = Debug;
		};
		2274970D1F80FC9A005F2DC9 /* Release */ = {
			isa = XCBuildConfiguration;
			buildSettings = {
				CODE_SIGN_STYLE = Automatic;
				DEVELOPMENT_TEAM = U5427UNCN7;
				PRODUCT_NAME = "$(TARGET_NAME)";
				SWIFT_VERSION = 4.0;
			};
			name = Release;
		};
/* End XCBuildConfiguration section */

/* Begin XCConfigurationList section */
		224BB5211FDD0C1F00498433 /* Build configuration list for PBXNativeTarget "SwiftAlgorithmsTest" */ = {
			isa = XCConfigurationList;
			buildConfigurations = (
				224BB5221FDD0C1F00498433 /* Debug */,
				224BB5231FDD0C1F00498433 /* Release */,
			);
			defaultConfigurationIsVisible = 0;
			defaultConfigurationName = Release;
		};
		227496FF1F80FC9A005F2DC9 /* Build configuration list for PBXProject "SwiftAlgorithms" */ = {
			isa = XCConfigurationList;
			buildConfigurations = (
				227497091F80FC9A005F2DC9 /* Debug */,
				2274970A1F80FC9A005F2DC9 /* Release */,
			);
			defaultConfigurationIsVisible = 0;
			defaultConfigurationName = Release;
		};
		2274970B1F80FC9A005F2DC9 /* Build configuration list for PBXNativeTarget "SwiftAlgorithms" */ = {
			isa = XCConfigurationList;
			buildConfigurations = (
				2274970C1F80FC9A005F2DC9 /* Debug */,
				2274970D1F80FC9A005F2DC9 /* Release */,
			);
			defaultConfigurationIsVisible = 0;
			defaultConfigurationName = Release;
		};
/* End XCConfigurationList section */
	};
	rootObject = 227496FC1F80FC9A005F2DC9 /* Project object */;
}
