// !$*UTF8*$!
{
	archiveVersion = 1;
	classes = {
	};
	objectVersion = 46;
	objects = {

/* Begin PBXAggregateTarget section */
		"SwiftAlgorithms::SwiftAlgorithmsPackageTests::ProductTarget" /* SwiftAlgorithmsPackageTests */ = {
			isa = PBXAggregateTarget;
			buildConfigurationList = OBJ_56 /* Build configuration list for PBXAggregateTarget "SwiftAlgorithmsPackageTests" */;
			buildPhases = (
			);
			dependencies = (
				OBJ_59 /* PBXTargetDependency */,
			);
			name = SwiftAlgorithmsPackageTests;
			productName = SwiftAlgorithmsPackageTests;
		};
/* End PBXAggregateTarget section */

/* Begin PBXBuildFile section */
		22236F62216AC1BA009F8F96 /* Parser.swift in Sources */ = {isa = PBXBuildFile; fileRef = 22B9EB75216A22D5006EB11E /* Parser.swift */; };
		225AD0B11FE5D6D10013FDD1 /* IOProtocols.swift in Sources */ = {isa = PBXBuildFile; fileRef = OBJ_10 /* IOProtocols.swift */; };
		225AD0B21FE5D6D10013FDD1 /* InputStream.swift in Sources */ = {isa = PBXBuildFile; fileRef = OBJ_11 /* InputStream.swift */; };
		225AD0B31FE5D6D10013FDD1 /* OutputStream.swift in Sources */ = {isa = PBXBuildFile; fileRef = OBJ_12 /* OutputStream.swift */; };
		225AD0B41FE5D6D10013FDD1 /* FSM_Model.swift in Sources */ = {isa = PBXBuildFile; fileRef = OBJ_16 /* FSM_Model.swift */; };
		225AD0B51FE5D6D10013FDD1 /* lexema.swift in Sources */ = {isa = PBXBuildFile; fileRef = OBJ_17 /* lexema.swift */; };
		225AD0B61FE5D6D10013FDD1 /* litera.swift in Sources */ = {isa = PBXBuildFile; fileRef = OBJ_18 /* litera.swift */; };
		22920EE11FE5116100B9D24D /* FSMTests.swift in Sources */ = {isa = PBXBuildFile; fileRef = 22920EE01FE5116100B9D24D /* FSMTests.swift */; };
		22A6F61C1FE2939C00DEE867 /* Rational.swift in Sources */ = {isa = PBXBuildFile; fileRef = OBJ_13 /* Rational.swift */; };
		22B9EB77216A22D5006EB11E /* Parser.swift in Sources */ = {isa = PBXBuildFile; fileRef = 22B9EB75216A22D5006EB11E /* Parser.swift */; };
		OBJ_31 /* Package.swift in Sources */ = {isa = PBXBuildFile; fileRef = OBJ_6 /* Package.swift */; };
		OBJ_37 /* SATests.swift in Sources */ = {isa = PBXBuildFile; fileRef = OBJ_21 /* SATests.swift */; };
		OBJ_38 /* XCTestManifests.swift in Sources */ = {isa = PBXBuildFile; fileRef = OBJ_22 /* XCTestManifests.swift */; };
		OBJ_46 /* IOProtocols.swift in Sources */ = {isa = PBXBuildFile; fileRef = OBJ_10 /* IOProtocols.swift */; };
		OBJ_47 /* InputStream.swift in Sources */ = {isa = PBXBuildFile; fileRef = OBJ_11 /* InputStream.swift */; };
		OBJ_48 /* OutputStream.swift in Sources */ = {isa = PBXBuildFile; fileRef = OBJ_12 /* OutputStream.swift */; };
		OBJ_49 /* Rational.swift in Sources */ = {isa = PBXBuildFile; fileRef = OBJ_13 /* Rational.swift */; };
		OBJ_50 /* main.swift in Sources */ = {isa = PBXBuildFile; fileRef = OBJ_14 /* main.swift */; };
		OBJ_51 /* FSM_Model.swift in Sources */ = {isa = PBXBuildFile; fileRef = OBJ_16 /* FSM_Model.swift */; };
		OBJ_52 /* lexema.swift in Sources */ = {isa = PBXBuildFile; fileRef = OBJ_17 /* lexema.swift */; };
		OBJ_53 /* litera.swift in Sources */ = {isa = PBXBuildFile; fileRef = OBJ_18 /* litera.swift */; };
/* End PBXBuildFile section */

/* Begin PBXContainerItemProxy section */
		22A6F61A1FE2936000DEE867 /* PBXContainerItemProxy */ = {
			isa = PBXContainerItemProxy;
			containerPortal = OBJ_1 /* Project object */;
			proxyType = 1;
			remoteGlobalIDString = "SwiftAlgorithms::SwiftAlgorithms";
			remoteInfo = SwiftAlgorithms;
		};
		22A6F61B1FE2936000DEE867 /* PBXContainerItemProxy */ = {
			isa = PBXContainerItemProxy;
			containerPortal = OBJ_1 /* Project object */;
			proxyType = 1;
			remoteGlobalIDString = "SwiftAlgorithms::SwiftAlgorithmsTests";
			remoteInfo = SwiftAlgorithmsTests;
		};
/* End PBXContainerItemProxy section */

/* Begin PBXFileReference section */
		22920EE01FE5116100B9D24D /* FSMTests.swift */ = {isa = PBXFileReference; lastKnownFileType = sourcecode.swift; path = FSMTests.swift; sourceTree = "<group>"; };
		22B9EB75216A22D5006EB11E /* Parser.swift */ = {isa = PBXFileReference; lastKnownFileType = sourcecode.swift; path = Parser.swift; sourceTree = "<group>"; };
		OBJ_10 /* IOProtocols.swift */ = {isa = PBXFileReference; lastKnownFileType = sourcecode.swift; path = IOProtocols.swift; sourceTree = "<group>"; };
		OBJ_11 /* InputStream.swift */ = {isa = PBXFileReference; lastKnownFileType = sourcecode.swift; path = InputStream.swift; sourceTree = "<group>"; };
		OBJ_12 /* OutputStream.swift */ = {isa = PBXFileReference; lastKnownFileType = sourcecode.swift; path = OutputStream.swift; sourceTree = "<group>"; };
		OBJ_13 /* Rational.swift */ = {isa = PBXFileReference; lastKnownFileType = sourcecode.swift; path = Rational.swift; sourceTree = "<group>"; };
		OBJ_14 /* main.swift */ = {isa = PBXFileReference; lastKnownFileType = sourcecode.swift; path = main.swift; sourceTree = "<group>"; };
		OBJ_16 /* FSM_Model.swift */ = {isa = PBXFileReference; lastKnownFileType = sourcecode.swift; path = FSM_Model.swift; sourceTree = "<group>"; };
		OBJ_17 /* lexema.swift */ = {isa = PBXFileReference; lastKnownFileType = sourcecode.swift; path = lexema.swift; sourceTree = "<group>"; };
		OBJ_18 /* litera.swift */ = {isa = PBXFileReference; lastKnownFileType = sourcecode.swift; path = litera.swift; sourceTree = "<group>"; };
		OBJ_21 /* SATests.swift */ = {isa = PBXFileReference; lastKnownFileType = sourcecode.swift; path = SATests.swift; sourceTree = "<group>"; };
		OBJ_22 /* XCTestManifests.swift */ = {isa = PBXFileReference; lastKnownFileType = sourcecode.swift; path = XCTestManifests.swift; sourceTree = "<group>"; };
		OBJ_6 /* Package.swift */ = {isa = PBXFileReference; explicitFileType = sourcecode.swift; path = Package.swift; sourceTree = "<group>"; };
		"SwiftAlgorithms::SwiftAlgorithms::Product" /* SwiftAlgorithms */ = {isa = PBXFileReference; explicitFileType = "compiled.mach-o.executable"; path = SwiftAlgorithms; sourceTree = BUILT_PRODUCTS_DIR; };
		"SwiftAlgorithms::SwiftAlgorithmsTests::Product" /* SwiftAlgorithmsTests.xctest */ = {isa = PBXFileReference; lastKnownFileType = file; path = SwiftAlgorithmsTests.xctest; sourceTree = BUILT_PRODUCTS_DIR; };
/* End PBXFileReference section */

/* Begin PBXFrameworksBuildPhase section */
		OBJ_39 /* Frameworks */ = {
			isa = PBXFrameworksBuildPhase;
			buildActionMask = 0;
			files = (
			);
			runOnlyForDeploymentPostprocessing = 0;
		};
		OBJ_54 /* Frameworks */ = {
			isa = PBXFrameworksBuildPhase;
			buildActionMask = 0;
			files = (
			);
			runOnlyForDeploymentPostprocessing = 0;
		};
/* End PBXFrameworksBuildPhase section */

/* Begin PBXGroup section */
		22B9EB74216A2266006EB11E /* комбинатор синтаксического анализа */ = {
			isa = PBXGroup;
			children = (
				22B9EB75216A22D5006EB11E /* Parser.swift */,
			);
			path = "комбинатор синтаксического анализа";
			sourceTree = "<group>";
		};
		OBJ_15 /* Конечный автомат */ = {
			isa = PBXGroup;
			children = (
				OBJ_16 /* FSM_Model.swift */,
				OBJ_17 /* lexema.swift */,
				OBJ_18 /* litera.swift */,
			);
			path = "Конечный автомат";
			sourceTree = "<group>";
		};
		OBJ_19 /* Tests */ = {
			isa = PBXGroup;
			children = (
				OBJ_20 /* SwiftAlgorithmsTests */,
			);
			name = Tests;
			sourceTree = SOURCE_ROOT;
		};
		OBJ_20 /* SwiftAlgorithmsTests */ = {
			isa = PBXGroup;
			children = (
				22920EE01FE5116100B9D24D /* FSMTests.swift */,
				OBJ_21 /* SATests.swift */,
				OBJ_22 /* XCTestManifests.swift */,
			);
			name = SwiftAlgorithmsTests;
			path = Tests/SwiftAlgorithmsTests;
			sourceTree = SOURCE_ROOT;
		};
		OBJ_23 /* Products */ = {
			isa = PBXGroup;
			children = (
				"SwiftAlgorithms::SwiftAlgorithmsTests::Product" /* SwiftAlgorithmsTests.xctest */,
				"SwiftAlgorithms::SwiftAlgorithms::Product" /* SwiftAlgorithms */,
			);
			name = Products;
			sourceTree = BUILT_PRODUCTS_DIR;
		};
		OBJ_5 = {
			isa = PBXGroup;
			children = (
				OBJ_6 /* Package.swift */,
				OBJ_7 /* Sources */,
				OBJ_19 /* Tests */,
				OBJ_23 /* Products */,
			);
			sourceTree = "<group>";
		};
		OBJ_7 /* Sources */ = {
			isa = PBXGroup;
			children = (
				OBJ_8 /* SwiftAlgorithms */,
			);
			name = Sources;
			sourceTree = SOURCE_ROOT;
		};
		OBJ_8 /* SwiftAlgorithms */ = {
			isa = PBXGroup;
			children = (
				OBJ_9 /* IO */,
				OBJ_13 /* Rational.swift */,
				OBJ_14 /* main.swift */,
				OBJ_15 /* Конечный автомат */,
				22B9EB74216A2266006EB11E /* комбинатор синтаксического анализа */,
			);
			name = SwiftAlgorithms;
			path = Sources/SwiftAlgorithms;
			sourceTree = SOURCE_ROOT;
		};
		OBJ_9 /* IO */ = {
			isa = PBXGroup;
			children = (
				OBJ_10 /* IOProtocols.swift */,
				OBJ_11 /* InputStream.swift */,
				OBJ_12 /* OutputStream.swift */,
			);
			path = IO;
			sourceTree = "<group>";
		};
/* End PBXGroup section */

/* Begin PBXNativeTarget section */
		"SwiftAlgorithms::SwiftAlgorithms" /* SwiftAlgorithms */ = {
			isa = PBXNativeTarget;
			buildConfigurationList = OBJ_42 /* Build configuration list for PBXNativeTarget "SwiftAlgorithms" */;
			buildPhases = (
				OBJ_45 /* Sources */,
				OBJ_54 /* Frameworks */,
			);
			buildRules = (
			);
			dependencies = (
			);
			name = SwiftAlgorithms;
			productName = SwiftAlgorithms;
			productReference = "SwiftAlgorithms::SwiftAlgorithms::Product" /* SwiftAlgorithms */;
			productType = "com.apple.product-type.tool";
		};
		"SwiftAlgorithms::SwiftAlgorithmsTests" /* SwiftAlgorithmsTests */ = {
			isa = PBXNativeTarget;
			buildConfigurationList = OBJ_33 /* Build configuration list for PBXNativeTarget "SwiftAlgorithmsTests" */;
			buildPhases = (
				OBJ_36 /* Sources */,
				OBJ_39 /* Frameworks */,
			);
			buildRules = (
			);
			dependencies = (
				OBJ_40 /* PBXTargetDependency */,
			);
			name = SwiftAlgorithmsTests;
			productName = SwiftAlgorithmsTests;
			productReference = "SwiftAlgorithms::SwiftAlgorithmsTests::Product" /* SwiftAlgorithmsTests.xctest */;
			productType = "com.apple.product-type.bundle.unit-test";
		};
		"SwiftAlgorithms::SwiftPMPackageDescription" /* SwiftAlgorithmsPackageDescription */ = {
			isa = PBXNativeTarget;
			buildConfigurationList = OBJ_27 /* Build configuration list for PBXNativeTarget "SwiftAlgorithmsPackageDescription" */;
			buildPhases = (
				OBJ_30 /* Sources */,
			);
			buildRules = (
			);
			dependencies = (
			);
			name = SwiftAlgorithmsPackageDescription;
			productName = SwiftAlgorithmsPackageDescription;
			productType = "com.apple.product-type.framework";
		};
/* End PBXNativeTarget section */

/* Begin PBXProject section */
		OBJ_1 /* Project object */ = {
			isa = PBXProject;
			attributes = {
				LastUpgradeCheck = 9999;
				TargetAttributes = {
					"SwiftAlgorithms::SwiftAlgorithmsPackageTests::ProductTarget" = {
						LastSwiftMigration = 1000;
					};
				};
			};
			buildConfigurationList = OBJ_2 /* Build configuration list for PBXProject "SwiftAlgorithms" */;
			compatibilityVersion = "Xcode 3.2";
			developmentRegion = English;
			hasScannedForEncodings = 0;
			knownRegions = (
				en,
			);
			mainGroup = OBJ_5;
			productRefGroup = OBJ_23 /* Products */;
			projectDirPath = "";
			projectRoot = "";
			targets = (
				"SwiftAlgorithms::SwiftPMPackageDescription" /* SwiftAlgorithmsPackageDescription */,
				"SwiftAlgorithms::SwiftAlgorithmsTests" /* SwiftAlgorithmsTests */,
				"SwiftAlgorithms::SwiftAlgorithms" /* SwiftAlgorithms */,
				"SwiftAlgorithms::SwiftAlgorithmsPackageTests::ProductTarget" /* SwiftAlgorithmsPackageTests */,
			);
		};
/* End PBXProject section */

/* Begin PBXSourcesBuildPhase section */
		OBJ_30 /* Sources */ = {
			isa = PBXSourcesBuildPhase;
			buildActionMask = 0;
			files = (
				OBJ_31 /* Package.swift in Sources */,
			);
			runOnlyForDeploymentPostprocessing = 0;
		};
		OBJ_36 /* Sources */ = {
			isa = PBXSourcesBuildPhase;
			buildActionMask = 0;
			files = (
				225AD0B11FE5D6D10013FDD1 /* IOProtocols.swift in Sources */,
				22B9EB77216A22D5006EB11E /* Parser.swift in Sources */,
				225AD0B21FE5D6D10013FDD1 /* InputStream.swift in Sources */,
				225AD0B31FE5D6D10013FDD1 /* OutputStream.swift in Sources */,
				225AD0B41FE5D6D10013FDD1 /* FSM_Model.swift in Sources */,
				225AD0B51FE5D6D10013FDD1 /* lexema.swift in Sources */,
				225AD0B61FE5D6D10013FDD1 /* litera.swift in Sources */,
				22A6F61C1FE2939C00DEE867 /* Rational.swift in Sources */,
				OBJ_37 /* SATests.swift in Sources */,
				22920EE11FE5116100B9D24D /* FSMTests.swift in Sources */,
				OBJ_38 /* XCTestManifests.swift in Sources */,
			);
			runOnlyForDeploymentPostprocessing = 0;
		};
		OBJ_45 /* Sources */ = {
			isa = PBXSourcesBuildPhase;
			buildActionMask = 0;
			files = (
				22236F62216AC1BA009F8F96 /* Parser.swift in Sources */,
				OBJ_46 /* IOProtocols.swift in Sources */,
				OBJ_47 /* InputStream.swift in Sources */,
				OBJ_48 /* OutputStream.swift in Sources */,
				OBJ_49 /* Rational.swift in Sources */,
				OBJ_50 /* main.swift in Sources */,
				OBJ_51 /* FSM_Model.swift in Sources */,
				OBJ_52 /* lexema.swift in Sources */,
				OBJ_53 /* litera.swift in Sources */,
			);
			runOnlyForDeploymentPostprocessing = 0;
		};
/* End PBXSourcesBuildPhase section */

/* Begin PBXTargetDependency section */
		OBJ_40 /* PBXTargetDependency */ = {
			isa = PBXTargetDependency;
			target = "SwiftAlgorithms::SwiftAlgorithms" /* SwiftAlgorithms */;
			targetProxy = 22A6F61A1FE2936000DEE867 /* PBXContainerItemProxy */;
		};
		OBJ_59 /* PBXTargetDependency */ = {
			isa = PBXTargetDependency;
			target = "SwiftAlgorithms::SwiftAlgorithmsTests" /* SwiftAlgorithmsTests */;
			targetProxy = 22A6F61B1FE2936000DEE867 /* PBXContainerItemProxy */;
		};
/* End PBXTargetDependency section */

/* Begin XCBuildConfiguration section */
		OBJ_28 /* Debug */ = {
			isa = XCBuildConfiguration;
			buildSettings = {
				LD = /usr/bin/true;
				OTHER_SWIFT_FLAGS = "-swift-version 4 -I /Applications/Xcode.app/Contents/Developer/Toolchains/XcodeDefault.xctoolchain/usr/lib/swift/pm/4 -target x86_64-apple-macosx10.10 -sdk /Applications/Xcode.app/Contents/Developer/Platforms/MacOSX.platform/Developer/SDKs/MacOSX10.13.sdk";
				SWIFT_VERSION = 4.0;
			};
			name = Debug;
		};
		OBJ_29 /* Release */ = {
			isa = XCBuildConfiguration;
			buildSettings = {
				LD = /usr/bin/true;
				OTHER_SWIFT_FLAGS = "-swift-version 4 -I /Applications/Xcode.app/Contents/Developer/Toolchains/XcodeDefault.xctoolchain/usr/lib/swift/pm/4 -target x86_64-apple-macosx10.10 -sdk /Applications/Xcode.app/Contents/Developer/Platforms/MacOSX.platform/Developer/SDKs/MacOSX10.13.sdk";
				SWIFT_VERSION = 4.0;
			};
			name = Release;
		};
		OBJ_3 /* Debug */ = {
			isa = XCBuildConfiguration;
			buildSettings = {
				CLANG_ENABLE_OBJC_ARC = YES;
				COMBINE_HIDPI_IMAGES = YES;
				COPY_PHASE_STRIP = NO;
				DEBUG_INFORMATION_FORMAT = dwarf;
				DYLIB_INSTALL_NAME_BASE = "@rpath";
				ENABLE_NS_ASSERTIONS = YES;
				GCC_OPTIMIZATION_LEVEL = 0;
				MACOSX_DEPLOYMENT_TARGET = 10.10;
				ONLY_ACTIVE_ARCH = YES;
				OTHER_SWIFT_FLAGS = "-DXcode";
				PRODUCT_NAME = "$(TARGET_NAME)";
				SDKROOT = macosx;
				SUPPORTED_PLATFORMS = "macosx iphoneos iphonesimulator appletvos appletvsimulator watchos watchsimulator";
				SWIFT_ACTIVE_COMPILATION_CONDITIONS = SWIFT_PACKAGE;
				SWIFT_OPTIMIZATION_LEVEL = "-Onone";
				USE_HEADERMAP = NO;
			};
			name = Debug;
		};
		OBJ_34 /* Debug */ = {
			isa = XCBuildConfiguration;
			buildSettings = {
				EMBEDDED_CONTENT_CONTAINS_SWIFT = YES;
				FRAMEWORK_SEARCH_PATHS = (
					"$(inherited)",
					"$(PLATFORM_DIR)/Developer/Library/Frameworks",
				);
				HEADER_SEARCH_PATHS = "$(inherited)";
				INFOPLIST_FILE = SwiftAlgorithms.xcodeproj/SwiftAlgorithmsTests_Info.plist;
				LD_RUNPATH_SEARCH_PATHS = "@loader_path/../Frameworks @loader_path/Frameworks";
				OTHER_LDFLAGS = "$(inherited)";
				OTHER_SWIFT_FLAGS = "$(inherited)";
				SWIFT_VERSION = 4.0;
				TARGET_NAME = SwiftAlgorithmsTests;
			};
			name = Debug;
		};
		OBJ_35 /* Release */ = {
			isa = XCBuildConfiguration;
			buildSettings = {
				EMBEDDED_CONTENT_CONTAINS_SWIFT = YES;
				FRAMEWORK_SEARCH_PATHS = (
					"$(inherited)",
					"$(PLATFORM_DIR)/Developer/Library/Frameworks",
				);
				HEADER_SEARCH_PATHS = "$(inherited)";
				INFOPLIST_FILE = SwiftAlgorithms.xcodeproj/SwiftAlgorithmsTests_Info.plist;
				LD_RUNPATH_SEARCH_PATHS = "@loader_path/../Frameworks @loader_path/Frameworks";
				OTHER_LDFLAGS = "$(inherited)";
				OTHER_SWIFT_FLAGS = "$(inherited)";
				SWIFT_VERSION = 4.0;
				TARGET_NAME = SwiftAlgorithmsTests;
			};
			name = Release;
		};
		OBJ_4 /* Release */ = {
			isa = XCBuildConfiguration;
			buildSettings = {
				CLANG_ENABLE_OBJC_ARC = YES;
				COMBINE_HIDPI_IMAGES = YES;
				COPY_PHASE_STRIP = YES;
				DEBUG_INFORMATION_FORMAT = "dwarf-with-dsym";
				DYLIB_INSTALL_NAME_BASE = "@rpath";
				GCC_OPTIMIZATION_LEVEL = s;
				MACOSX_DEPLOYMENT_TARGET = 10.10;
				OTHER_SWIFT_FLAGS = "-DXcode";
				PRODUCT_NAME = "$(TARGET_NAME)";
				SDKROOT = macosx;
				SUPPORTED_PLATFORMS = "macosx iphoneos iphonesimulator appletvos appletvsimulator watchos watchsimulator";
				SWIFT_ACTIVE_COMPILATION_CONDITIONS = SWIFT_PACKAGE;
				SWIFT_OPTIMIZATION_LEVEL = "-Owholemodule";
				USE_HEADERMAP = NO;
			};
			name = Release;
		};
		OBJ_43 /* Debug */ = {
			isa = XCBuildConfiguration;
			buildSettings = {
				ENABLE_TESTABILITY = YES;
				FRAMEWORK_SEARCH_PATHS = (
					"$(inherited)",
					"$(PLATFORM_DIR)/Developer/Library/Frameworks",
				);
				HEADER_SEARCH_PATHS = "$(inherited)";
				INFOPLIST_FILE = SwiftAlgorithms.xcodeproj/SwiftAlgorithms_Info.plist;
				LD_RUNPATH_SEARCH_PATHS = "$(TOOLCHAIN_DIR)/usr/lib/swift/macosx @executable_path";
				OTHER_LDFLAGS = "$(inherited)";
				OTHER_SWIFT_FLAGS = "$(inherited)";
				SWIFT_FORCE_DYNAMIC_LINK_STDLIB = YES;
				SWIFT_FORCE_STATIC_LINK_STDLIB = NO;
				SWIFT_VERSION = 4.0;
				TARGET_NAME = SwiftAlgorithms;
			};
			name = Debug;
		};
		OBJ_44 /* Release */ = {
			isa = XCBuildConfiguration;
			buildSettings = {
				FRAMEWORK_SEARCH_PATHS = (
					"$(inherited)",
					"$(PLATFORM_DIR)/Developer/Library/Frameworks",
				);
				HEADER_SEARCH_PATHS = "$(inherited)";
				INFOPLIST_FILE = SwiftAlgorithms.xcodeproj/SwiftAlgorithms_Info.plist;
				LD_RUNPATH_SEARCH_PATHS = "$(TOOLCHAIN_DIR)/usr/lib/swift/macosx @executable_path";
				OTHER_LDFLAGS = "$(inherited)";
				OTHER_SWIFT_FLAGS = "$(inherited)";
				SWIFT_FORCE_DYNAMIC_LINK_STDLIB = YES;
				SWIFT_FORCE_STATIC_LINK_STDLIB = NO;
				SWIFT_VERSION = 4.0;
				TARGET_NAME = SwiftAlgorithms;
			};
			name = Release;
		};
		OBJ_57 /* Debug */ = {
			isa = XCBuildConfiguration;
			buildSettings = {
				CLANG_ENABLE_MODULES = YES;
				LD_RUNPATH_SEARCH_PATHS = "$(inherited) @executable_path/Frameworks @loader_path/Frameworks";
				SWIFT_OPTIMIZATION_LEVEL = "-Onone";
				SWIFT_VERSION = 4.2;
			};
			name = Debug;
		};
		OBJ_58 /* Release */ = {
			isa = XCBuildConfiguration;
			buildSettings = {
				CLANG_ENABLE_MODULES = YES;
				LD_RUNPATH_SEARCH_PATHS = "$(inherited) @executable_path/Frameworks @loader_path/Frameworks";
				SWIFT_VERSION = 4.2;
			};
			name = Release;
		};
/* End XCBuildConfiguration section */

/* Begin XCConfigurationList section */
		OBJ_2 /* Build configuration list for PBXProject "SwiftAlgorithms" */ = {
			isa = XCConfigurationList;
			buildConfigurations = (
				OBJ_3 /* Debug */,
				OBJ_4 /* Release */,
			);
			defaultConfigurationIsVisible = 0;
			defaultConfigurationName = Debug;
		};
		OBJ_27 /* Build configuration list for PBXNativeTarget "SwiftAlgorithmsPackageDescription" */ = {
			isa = XCConfigurationList;
			buildConfigurations = (
				OBJ_28 /* Debug */,
				OBJ_29 /* Release */,
			);
			defaultConfigurationIsVisible = 0;
			defaultConfigurationName = Debug;
		};
		OBJ_33 /* Build configuration list for PBXNativeTarget "SwiftAlgorithmsTests" */ = {
			isa = XCConfigurationList;
			buildConfigurations = (
				OBJ_34 /* Debug */,
				OBJ_35 /* Release */,
			);
			defaultConfigurationIsVisible = 0;
			defaultConfigurationName = Debug;
		};
		OBJ_42 /* Build configuration list for PBXNativeTarget "SwiftAlgorithms" */ = {
			isa = XCConfigurationList;
			buildConfigurations = (
				OBJ_43 /* Debug */,
				OBJ_44 /* Release */,
			);
			defaultConfigurationIsVisible = 0;
			defaultConfigurationName = Debug;
		};
		OBJ_56 /* Build configuration list for PBXAggregateTarget "SwiftAlgorithmsPackageTests" */ = {
			isa = XCConfigurationList;
			buildConfigurations = (
				OBJ_57 /* Debug */,
				OBJ_58 /* Release */,
			);
			defaultConfigurationIsVisible = 0;
			defaultConfigurationName = Debug;
		};
/* End XCConfigurationList section */
	};
	rootObject = OBJ_1 /* Project object */;
}
